
Microsoft Visual Studio Solution File, Format Version 12.00
# Visual Studio Version 17
VisualStudioVersion = 17.12.35707.178
MinimumVisualStudioVersion = 10.0.40219.1
Project("{2150E333-8FDC-42A3-9474-1A3956D46DE8}") = "src", "src", "{94906301-2AF8-48BE-9663-704034A949D2}"
EndProject
Project("{2150E333-8FDC-42A3-9474-1A3956D46DE8}") = "BuildingBlocks", "BuildingBlocks", "{398F9586-363B-4106-B464-030EA2C8E7F6}"
EndProject
Project("{2150E333-8FDC-42A3-9474-1A3956D46DE8}") = "Services", "Services", "{BD2CCC9E-659E-492D-9F3A-191CC9A774D6}"
EndProject
Project("{2150E333-8FDC-42A3-9474-1A3956D46DE8}") = "Identity", "Identity", "{5E249B6B-B489-4868-A8A6-4C9731FF93BC}"
EndProject
Project("{FAE04EC0-301F-11D3-BF4B-00C04F79EFBC}") = "Ecommerce.Identity.API", "src\Services\Identity\Ecommerce.Identity.API\Ecommerce.Identity.API.csproj", "{CE89F0CE-5697-4CC1-B884-7A95A97037F3}"
EndProject
Project("{FAE04EC0-301F-11D3-BF4B-00C04F79EFBC}") = "Ecommerce.Identity.Application", "src\Services\Identity\Ecommerce.Identity.Application\Ecommerce.Identity.Application.csproj", "{5321C06B-E57A-492F-B898-7269E979B390}"
EndProject
Project("{FAE04EC0-301F-11D3-BF4B-00C04F79EFBC}") = "Ecommerce.Identity.Domain", "src\Services\Identity\Ecommerce.Identity.Domain\Ecommerce.Identity.Domain.csproj", "{8B7C53BC-A7AA-4489-8645-C983A391BA24}"
EndProject
Project("{FAE04EC0-301F-11D3-BF4B-00C04F79EFBC}") = "Ecommerce.Identity.Infrastructure", "src\Services\Identity\Ecommerce.Identity.Infrastructure\Ecommerce.Identity.Infrastructure.csproj", "{888866FE-D4F3-4109-8339-480258F89619}"
EndProject
Project("{FAE04EC0-301F-11D3-BF4B-00C04F79EFBC}") = "Ecommerce.Core", "src\BuildingBlocks\Ecommerce.Core\Ecommerce.Core.csproj", "{2F8766AB-CDA1-42C5-B846-A913A16B69FD}"
EndProject
Project("{2150E333-8FDC-42A3-9474-1A3956D46DE8}") = "Catalog", "Catalog", "{E7DFA0CE-FBE3-43C6-9172-7D44E407DF72}"
EndProject
Project("{FAE04EC0-301F-11D3-BF4B-00C04F79EFBC}") = "Ecommerce.Catalog.API", "src\Services\Catalog\Ecommerce.Catalog.API\Ecommerce.Catalog.API.csproj", "{38930AC1-73F5-493B-BAC1-995F6DA4D572}"
EndProject
Project("{FAE04EC0-301F-11D3-BF4B-00C04F79EFBC}") = "Ecommerce.Catalog.Domain", "src\Services\Catalog\Ecommerce.Catalog.Domain\Ecommerce.Catalog.Domain.csproj", "{E6700296-C8F5-4D75-A8D9-75F10C8D6C85}"
EndProject
Project("{FAE04EC0-301F-11D3-BF4B-00C04F79EFBC}") = "Ecommerce.Catalog.Application", "src\Services\Catalog\Ecommerce.Catalog.Application\Ecommerce.Catalog.Application.csproj", "{17322C53-4BE3-4C3D-AF2E-A156EB8DF9AF}"
EndProject
Project("{FAE04EC0-301F-11D3-BF4B-00C04F79EFBC}") = "Ecommerce.Catalog.Infrastructure", "src\Services\Catalog\Ecommerce.Catalog.Infrastructure\Ecommerce.Catalog.Infrastructure.csproj", "{2875BD65-D537-4293-9F1C-4CB0419AF7ED}"
EndProject
Project("{FAE04EC0-301F-11D3-BF4B-00C04F79EFBC}") = "Ecommerce.Auth", "src\BuildingBlocks\Ecommerce.Auth\Ecommerce.Auth.csproj", "{08C0899F-B71F-4052-98CA-FAFF6FDF67FA}"
EndProject
Project("{2150E333-8FDC-42A3-9474-1A3956D46DE8}") = "Customers", "Customers", "{45C077AC-79EC-48F5-8CAF-3F1AD7822AAE}"
EndProject
Project("{FAE04EC0-301F-11D3-BF4B-00C04F79EFBC}") = "Ecommerce.Customers.API", "src\Services\Customers\Ecommerce.Customers.API\Ecommerce.Customers.API.csproj", "{0872ED21-DE97-4460-84E9-72F8487295B4}"
EndProject
Project("{FAE04EC0-301F-11D3-BF4B-00C04F79EFBC}") = "Ecommerce.Customers.Application", "src\Services\Customers\Ecommerce.Customers.Application\Ecommerce.Customers.Application.csproj", "{1B2E8B54-1542-4F19-B0EA-7A187ECC7AC2}"
EndProject
Project("{FAE04EC0-301F-11D3-BF4B-00C04F79EFBC}") = "Ecommerce.Customers.Domain", "src\Services\Customers\Ecommerce.Customers.Domain\Ecommerce.Customers.Domain.csproj", "{197DE850-0FE2-44C0-A31B-2C575F2F11A9}"
EndProject
Project("{FAE04EC0-301F-11D3-BF4B-00C04F79EFBC}") = "Ecommerce.Customers.Infrastructure", "src\Services\Customers\Ecommerce.Customers.Infrastructure\Ecommerce.Customers.Infrastructure.csproj", "{EAF3125B-7D9D-4A19-88F4-D95AA5169ACB}"
EndProject
Project("{2150E333-8FDC-42A3-9474-1A3956D46DE8}") = "Cart", "Cart", "{0FA0AAC0-42D4-44B7-95E0-707A5359E80F}"
EndProject
Project("{FAE04EC0-301F-11D3-BF4B-00C04F79EFBC}") = "Ecommerce.Cart.API", "src\Services\Cart\Ecommerce.Cart.API\Ecommerce.Cart.API.csproj", "{734D9BC8-E057-4834-8933-99168C5C700A}"
EndProject
Project("{FAE04EC0-301F-11D3-BF4B-00C04F79EFBC}") = "Ecommerce.Cart.Application", "src\Services\Cart\Ecommerce.Cart.Application\Ecommerce.Cart.Application.csproj", "{C2594EAE-6FC8-4476-9E14-004A585EE939}"
EndProject
Project("{FAE04EC0-301F-11D3-BF4B-00C04F79EFBC}") = "Ecommerce.Cart.Domain", "src\Services\Cart\Ecommerce.Cart.Domain\Ecommerce.Cart.Domain.csproj", "{8FEB1AE3-87B5-4BB2-BE6C-7AE0A517FE7B}"
EndProject
Project("{FAE04EC0-301F-11D3-BF4B-00C04F79EFBC}") = "Ecommerce.Cart.Infrastructure", "src\Services\Cart\Ecommerce.Cart.Infrastructure\Ecommerce.Cart.Infrastructure.csproj", "{4C1876BD-A2B4-48F1-844B-ACCD93EEB7A8}"
EndProject
Global
	GlobalSection(SolutionConfigurationPlatforms) = preSolution
		Debug|Any CPU = Debug|Any CPU
		Debug|x64 = Debug|x64
		Debug|x86 = Debug|x86
		Release|Any CPU = Release|Any CPU
		Release|x64 = Release|x64
		Release|x86 = Release|x86
	EndGlobalSection
	GlobalSection(ProjectConfigurationPlatforms) = postSolution
		{CE89F0CE-5697-4CC1-B884-7A95A97037F3}.Debug|Any CPU.ActiveCfg = Debug|Any CPU
		{CE89F0CE-5697-4CC1-B884-7A95A97037F3}.Debug|Any CPU.Build.0 = Debug|Any CPU
		{CE89F0CE-5697-4CC1-B884-7A95A97037F3}.Debug|x64.ActiveCfg = Debug|Any CPU
		{CE89F0CE-5697-4CC1-B884-7A95A97037F3}.Debug|x64.Build.0 = Debug|Any CPU
		{CE89F0CE-5697-4CC1-B884-7A95A97037F3}.Debug|x86.ActiveCfg = Debug|Any CPU
		{CE89F0CE-5697-4CC1-B884-7A95A97037F3}.Debug|x86.Build.0 = Debug|Any CPU
		{CE89F0CE-5697-4CC1-B884-7A95A97037F3}.Release|Any CPU.ActiveCfg = Release|Any CPU
		{CE89F0CE-5697-4CC1-B884-7A95A97037F3}.Release|Any CPU.Build.0 = Release|Any CPU
		{CE89F0CE-5697-4CC1-B884-7A95A97037F3}.Release|x64.ActiveCfg = Release|Any CPU
		{CE89F0CE-5697-4CC1-B884-7A95A97037F3}.Release|x64.Build.0 = Release|Any CPU
		{CE89F0CE-5697-4CC1-B884-7A95A97037F3}.Release|x86.ActiveCfg = Release|Any CPU
		{CE89F0CE-5697-4CC1-B884-7A95A97037F3}.Release|x86.Build.0 = Release|Any CPU
		{5321C06B-E57A-492F-B898-7269E979B390}.Debug|Any CPU.ActiveCfg = Debug|Any CPU
		{5321C06B-E57A-492F-B898-7269E979B390}.Debug|Any CPU.Build.0 = Debug|Any CPU
		{5321C06B-E57A-492F-B898-7269E979B390}.Debug|x64.ActiveCfg = Debug|Any CPU
		{5321C06B-E57A-492F-B898-7269E979B390}.Debug|x64.Build.0 = Debug|Any CPU
		{5321C06B-E57A-492F-B898-7269E979B390}.Debug|x86.ActiveCfg = Debug|Any CPU
		{5321C06B-E57A-492F-B898-7269E979B390}.Debug|x86.Build.0 = Debug|Any CPU
		{5321C06B-E57A-492F-B898-7269E979B390}.Release|Any CPU.ActiveCfg = Release|Any CPU
		{5321C06B-E57A-492F-B898-7269E979B390}.Release|Any CPU.Build.0 = Release|Any CPU
		{5321C06B-E57A-492F-B898-7269E979B390}.Release|x64.ActiveCfg = Release|Any CPU
		{5321C06B-E57A-492F-B898-7269E979B390}.Release|x64.Build.0 = Release|Any CPU
		{5321C06B-E57A-492F-B898-7269E979B390}.Release|x86.ActiveCfg = Release|Any CPU
		{5321C06B-E57A-492F-B898-7269E979B390}.Release|x86.Build.0 = Release|Any CPU
		{8B7C53BC-A7AA-4489-8645-C983A391BA24}.Debug|Any CPU.ActiveCfg = Debug|Any CPU
		{8B7C53BC-A7AA-4489-8645-C983A391BA24}.Debug|Any CPU.Build.0 = Debug|Any CPU
		{8B7C53BC-A7AA-4489-8645-C983A391BA24}.Debug|x64.ActiveCfg = Debug|Any CPU
		{8B7C53BC-A7AA-4489-8645-C983A391BA24}.Debug|x64.Build.0 = Debug|Any CPU
		{8B7C53BC-A7AA-4489-8645-C983A391BA24}.Debug|x86.ActiveCfg = Debug|Any CPU
		{8B7C53BC-A7AA-4489-8645-C983A391BA24}.Debug|x86.Build.0 = Debug|Any CPU
		{8B7C53BC-A7AA-4489-8645-C983A391BA24}.Release|Any CPU.ActiveCfg = Release|Any CPU
		{8B7C53BC-A7AA-4489-8645-C983A391BA24}.Release|Any CPU.Build.0 = Release|Any CPU
		{8B7C53BC-A7AA-4489-8645-C983A391BA24}.Release|x64.ActiveCfg = Release|Any CPU
		{8B7C53BC-A7AA-4489-8645-C983A391BA24}.Release|x64.Build.0 = Release|Any CPU
		{8B7C53BC-A7AA-4489-8645-C983A391BA24}.Release|x86.ActiveCfg = Release|Any CPU
		{8B7C53BC-A7AA-4489-8645-C983A391BA24}.Release|x86.Build.0 = Release|Any CPU
		{888866FE-D4F3-4109-8339-480258F89619}.Debug|Any CPU.ActiveCfg = Debug|Any CPU
		{888866FE-D4F3-4109-8339-480258F89619}.Debug|Any CPU.Build.0 = Debug|Any CPU
		{888866FE-D4F3-4109-8339-480258F89619}.Debug|x64.ActiveCfg = Debug|Any CPU
		{888866FE-D4F3-4109-8339-480258F89619}.Debug|x64.Build.0 = Debug|Any CPU
		{888866FE-D4F3-4109-8339-480258F89619}.Debug|x86.ActiveCfg = Debug|Any CPU
		{888866FE-D4F3-4109-8339-480258F89619}.Debug|x86.Build.0 = Debug|Any CPU
		{888866FE-D4F3-4109-8339-480258F89619}.Release|Any CPU.ActiveCfg = Release|Any CPU
		{888866FE-D4F3-4109-8339-480258F89619}.Release|Any CPU.Build.0 = Release|Any CPU
		{888866FE-D4F3-4109-8339-480258F89619}.Release|x64.ActiveCfg = Release|Any CPU
		{888866FE-D4F3-4109-8339-480258F89619}.Release|x64.Build.0 = Release|Any CPU
		{888866FE-D4F3-4109-8339-480258F89619}.Release|x86.ActiveCfg = Release|Any CPU
		{888866FE-D4F3-4109-8339-480258F89619}.Release|x86.Build.0 = Release|Any CPU
		{2F8766AB-CDA1-42C5-B846-A913A16B69FD}.Debug|Any CPU.ActiveCfg = Debug|Any CPU
		{2F8766AB-CDA1-42C5-B846-A913A16B69FD}.Debug|Any CPU.Build.0 = Debug|Any CPU
		{2F8766AB-CDA1-42C5-B846-A913A16B69FD}.Debug|x64.ActiveCfg = Debug|Any CPU
		{2F8766AB-CDA1-42C5-B846-A913A16B69FD}.Debug|x64.Build.0 = Debug|Any CPU
		{2F8766AB-CDA1-42C5-B846-A913A16B69FD}.Debug|x86.ActiveCfg = Debug|Any CPU
		{2F8766AB-CDA1-42C5-B846-A913A16B69FD}.Debug|x86.Build.0 = Debug|Any CPU
		{2F8766AB-CDA1-42C5-B846-A913A16B69FD}.Release|Any CPU.ActiveCfg = Release|Any CPU
		{2F8766AB-CDA1-42C5-B846-A913A16B69FD}.Release|Any CPU.Build.0 = Release|Any CPU
		{2F8766AB-CDA1-42C5-B846-A913A16B69FD}.Release|x64.ActiveCfg = Release|Any CPU
		{2F8766AB-CDA1-42C5-B846-A913A16B69FD}.Release|x64.Build.0 = Release|Any CPU
		{2F8766AB-CDA1-42C5-B846-A913A16B69FD}.Release|x86.ActiveCfg = Release|Any CPU
		{2F8766AB-CDA1-42C5-B846-A913A16B69FD}.Release|x86.Build.0 = Release|Any CPU
		{38930AC1-73F5-493B-BAC1-995F6DA4D572}.Debug|Any CPU.ActiveCfg = Debug|Any CPU
		{38930AC1-73F5-493B-BAC1-995F6DA4D572}.Debug|Any CPU.Build.0 = Debug|Any CPU
		{38930AC1-73F5-493B-BAC1-995F6DA4D572}.Debug|x64.ActiveCfg = Debug|Any CPU
		{38930AC1-73F5-493B-BAC1-995F6DA4D572}.Debug|x64.Build.0 = Debug|Any CPU
		{38930AC1-73F5-493B-BAC1-995F6DA4D572}.Debug|x86.ActiveCfg = Debug|Any CPU
		{38930AC1-73F5-493B-BAC1-995F6DA4D572}.Debug|x86.Build.0 = Debug|Any CPU
		{38930AC1-73F5-493B-BAC1-995F6DA4D572}.Release|Any CPU.ActiveCfg = Release|Any CPU
		{38930AC1-73F5-493B-BAC1-995F6DA4D572}.Release|Any CPU.Build.0 = Release|Any CPU
		{38930AC1-73F5-493B-BAC1-995F6DA4D572}.Release|x64.ActiveCfg = Release|Any CPU
		{38930AC1-73F5-493B-BAC1-995F6DA4D572}.Release|x64.Build.0 = Release|Any CPU
		{38930AC1-73F5-493B-BAC1-995F6DA4D572}.Release|x86.ActiveCfg = Release|Any CPU
		{38930AC1-73F5-493B-BAC1-995F6DA4D572}.Release|x86.Build.0 = Release|Any CPU
		{E6700296-C8F5-4D75-A8D9-75F10C8D6C85}.Debug|Any CPU.ActiveCfg = Debug|Any CPU
		{E6700296-C8F5-4D75-A8D9-75F10C8D6C85}.Debug|Any CPU.Build.0 = Debug|Any CPU
		{E6700296-C8F5-4D75-A8D9-75F10C8D6C85}.Debug|x64.ActiveCfg = Debug|Any CPU
		{E6700296-C8F5-4D75-A8D9-75F10C8D6C85}.Debug|x64.Build.0 = Debug|Any CPU
		{E6700296-C8F5-4D75-A8D9-75F10C8D6C85}.Debug|x86.ActiveCfg = Debug|Any CPU
		{E6700296-C8F5-4D75-A8D9-75F10C8D6C85}.Debug|x86.Build.0 = Debug|Any CPU
		{E6700296-C8F5-4D75-A8D9-75F10C8D6C85}.Release|Any CPU.ActiveCfg = Release|Any CPU
		{E6700296-C8F5-4D75-A8D9-75F10C8D6C85}.Release|Any CPU.Build.0 = Release|Any CPU
		{E6700296-C8F5-4D75-A8D9-75F10C8D6C85}.Release|x64.ActiveCfg = Release|Any CPU
		{E6700296-C8F5-4D75-A8D9-75F10C8D6C85}.Release|x64.Build.0 = Release|Any CPU
		{E6700296-C8F5-4D75-A8D9-75F10C8D6C85}.Release|x86.ActiveCfg = Release|Any CPU
		{E6700296-C8F5-4D75-A8D9-75F10C8D6C85}.Release|x86.Build.0 = Release|Any CPU
		{17322C53-4BE3-4C3D-AF2E-A156EB8DF9AF}.Debug|Any CPU.ActiveCfg = Debug|Any CPU
		{17322C53-4BE3-4C3D-AF2E-A156EB8DF9AF}.Debug|Any CPU.Build.0 = Debug|Any CPU
		{17322C53-4BE3-4C3D-AF2E-A156EB8DF9AF}.Debug|x64.ActiveCfg = Debug|Any CPU
		{17322C53-4BE3-4C3D-AF2E-A156EB8DF9AF}.Debug|x64.Build.0 = Debug|Any CPU
		{17322C53-4BE3-4C3D-AF2E-A156EB8DF9AF}.Debug|x86.ActiveCfg = Debug|Any CPU
		{17322C53-4BE3-4C3D-AF2E-A156EB8DF9AF}.Debug|x86.Build.0 = Debug|Any CPU
		{17322C53-4BE3-4C3D-AF2E-A156EB8DF9AF}.Release|Any CPU.ActiveCfg = Release|Any CPU
		{17322C53-4BE3-4C3D-AF2E-A156EB8DF9AF}.Release|Any CPU.Build.0 = Release|Any CPU
		{17322C53-4BE3-4C3D-AF2E-A156EB8DF9AF}.Release|x64.ActiveCfg = Release|Any CPU
		{17322C53-4BE3-4C3D-AF2E-A156EB8DF9AF}.Release|x64.Build.0 = Release|Any CPU
		{17322C53-4BE3-4C3D-AF2E-A156EB8DF9AF}.Release|x86.ActiveCfg = Release|Any CPU
		{17322C53-4BE3-4C3D-AF2E-A156EB8DF9AF}.Release|x86.Build.0 = Release|Any CPU
		{2875BD65-D537-4293-9F1C-4CB0419AF7ED}.Debug|Any CPU.ActiveCfg = Debug|Any CPU
		{2875BD65-D537-4293-9F1C-4CB0419AF7ED}.Debug|Any CPU.Build.0 = Debug|Any CPU
		{2875BD65-D537-4293-9F1C-4CB0419AF7ED}.Debug|x64.ActiveCfg = Debug|Any CPU
		{2875BD65-D537-4293-9F1C-4CB0419AF7ED}.Debug|x64.Build.0 = Debug|Any CPU
		{2875BD65-D537-4293-9F1C-4CB0419AF7ED}.Debug|x86.ActiveCfg = Debug|Any CPU
		{2875BD65-D537-4293-9F1C-4CB0419AF7ED}.Debug|x86.Build.0 = Debug|Any CPU
		{2875BD65-D537-4293-9F1C-4CB0419AF7ED}.Release|Any CPU.ActiveCfg = Release|Any CPU
		{2875BD65-D537-4293-9F1C-4CB0419AF7ED}.Release|Any CPU.Build.0 = Release|Any CPU
		{2875BD65-D537-4293-9F1C-4CB0419AF7ED}.Release|x64.ActiveCfg = Release|Any CPU
		{2875BD65-D537-4293-9F1C-4CB0419AF7ED}.Release|x64.Build.0 = Release|Any CPU
		{2875BD65-D537-4293-9F1C-4CB0419AF7ED}.Release|x86.ActiveCfg = Release|Any CPU
		{2875BD65-D537-4293-9F1C-4CB0419AF7ED}.Release|x86.Build.0 = Release|Any CPU
		{08C0899F-B71F-4052-98CA-FAFF6FDF67FA}.Debug|Any CPU.ActiveCfg = Debug|Any CPU
		{08C0899F-B71F-4052-98CA-FAFF6FDF67FA}.Debug|Any CPU.Build.0 = Debug|Any CPU
		{08C0899F-B71F-4052-98CA-FAFF6FDF67FA}.Debug|x64.ActiveCfg = Debug|Any CPU
		{08C0899F-B71F-4052-98CA-FAFF6FDF67FA}.Debug|x64.Build.0 = Debug|Any CPU
		{08C0899F-B71F-4052-98CA-FAFF6FDF67FA}.Debug|x86.ActiveCfg = Debug|Any CPU
		{08C0899F-B71F-4052-98CA-FAFF6FDF67FA}.Debug|x86.Build.0 = Debug|Any CPU
		{08C0899F-B71F-4052-98CA-FAFF6FDF67FA}.Release|Any CPU.ActiveCfg = Release|Any CPU
		{08C0899F-B71F-4052-98CA-FAFF6FDF67FA}.Release|Any CPU.Build.0 = Release|Any CPU
		{08C0899F-B71F-4052-98CA-FAFF6FDF67FA}.Release|x64.ActiveCfg = Release|Any CPU
		{08C0899F-B71F-4052-98CA-FAFF6FDF67FA}.Release|x64.Build.0 = Release|Any CPU
		{08C0899F-B71F-4052-98CA-FAFF6FDF67FA}.Release|x86.ActiveCfg = Release|Any CPU
		{08C0899F-B71F-4052-98CA-FAFF6FDF67FA}.Release|x86.Build.0 = Release|Any CPU
		{0872ED21-DE97-4460-84E9-72F8487295B4}.Debug|Any CPU.ActiveCfg = Debug|Any CPU
		{0872ED21-DE97-4460-84E9-72F8487295B4}.Debug|Any CPU.Build.0 = Debug|Any CPU
		{0872ED21-DE97-4460-84E9-72F8487295B4}.Debug|x64.ActiveCfg = Debug|Any CPU
		{0872ED21-DE97-4460-84E9-72F8487295B4}.Debug|x64.Build.0 = Debug|Any CPU
		{0872ED21-DE97-4460-84E9-72F8487295B4}.Debug|x86.ActiveCfg = Debug|Any CPU
		{0872ED21-DE97-4460-84E9-72F8487295B4}.Debug|x86.Build.0 = Debug|Any CPU
		{0872ED21-DE97-4460-84E9-72F8487295B4}.Release|Any CPU.ActiveCfg = Release|Any CPU
		{0872ED21-DE97-4460-84E9-72F8487295B4}.Release|Any CPU.Build.0 = Release|Any CPU
		{0872ED21-DE97-4460-84E9-72F8487295B4}.Release|x64.ActiveCfg = Release|Any CPU
		{0872ED21-DE97-4460-84E9-72F8487295B4}.Release|x64.Build.0 = Release|Any CPU
		{0872ED21-DE97-4460-84E9-72F8487295B4}.Release|x86.ActiveCfg = Release|Any CPU
		{0872ED21-DE97-4460-84E9-72F8487295B4}.Release|x86.Build.0 = Release|Any CPU
		{1B2E8B54-1542-4F19-B0EA-7A187ECC7AC2}.Debug|Any CPU.ActiveCfg = Debug|Any CPU
		{1B2E8B54-1542-4F19-B0EA-7A187ECC7AC2}.Debug|Any CPU.Build.0 = Debug|Any CPU
		{1B2E8B54-1542-4F19-B0EA-7A187ECC7AC2}.Debug|x64.ActiveCfg = Debug|Any CPU
		{1B2E8B54-1542-4F19-B0EA-7A187ECC7AC2}.Debug|x64.Build.0 = Debug|Any CPU
		{1B2E8B54-1542-4F19-B0EA-7A187ECC7AC2}.Debug|x86.ActiveCfg = Debug|Any CPU
		{1B2E8B54-1542-4F19-B0EA-7A187ECC7AC2}.Debug|x86.Build.0 = Debug|Any CPU
		{1B2E8B54-1542-4F19-B0EA-7A187ECC7AC2}.Release|Any CPU.ActiveCfg = Release|Any CPU
		{1B2E8B54-1542-4F19-B0EA-7A187ECC7AC2}.Release|Any CPU.Build.0 = Release|Any CPU
		{1B2E8B54-1542-4F19-B0EA-7A187ECC7AC2}.Release|x64.ActiveCfg = Release|Any CPU
		{1B2E8B54-1542-4F19-B0EA-7A187ECC7AC2}.Release|x64.Build.0 = Release|Any CPU
		{1B2E8B54-1542-4F19-B0EA-7A187ECC7AC2}.Release|x86.ActiveCfg = Release|Any CPU
		{1B2E8B54-1542-4F19-B0EA-7A187ECC7AC2}.Release|x86.Build.0 = Release|Any CPU
		{197DE850-0FE2-44C0-A31B-2C575F2F11A9}.Debug|Any CPU.ActiveCfg = Debug|Any CPU
		{197DE850-0FE2-44C0-A31B-2C575F2F11A9}.Debug|Any CPU.Build.0 = Debug|Any CPU
		{197DE850-0FE2-44C0-A31B-2C575F2F11A9}.Debug|x64.ActiveCfg = Debug|Any CPU
		{197DE850-0FE2-44C0-A31B-2C575F2F11A9}.Debug|x64.Build.0 = Debug|Any CPU
		{197DE850-0FE2-44C0-A31B-2C575F2F11A9}.Debug|x86.ActiveCfg = Debug|Any CPU
		{197DE850-0FE2-44C0-A31B-2C575F2F11A9}.Debug|x86.Build.0 = Debug|Any CPU
		{197DE850-0FE2-44C0-A31B-2C575F2F11A9}.Release|Any CPU.ActiveCfg = Release|Any CPU
		{197DE850-0FE2-44C0-A31B-2C575F2F11A9}.Release|Any CPU.Build.0 = Release|Any CPU
		{197DE850-0FE2-44C0-A31B-2C575F2F11A9}.Release|x64.ActiveCfg = Release|Any CPU
		{197DE850-0FE2-44C0-A31B-2C575F2F11A9}.Release|x64.Build.0 = Release|Any CPU
		{197DE850-0FE2-44C0-A31B-2C575F2F11A9}.Release|x86.ActiveCfg = Release|Any CPU
		{197DE850-0FE2-44C0-A31B-2C575F2F11A9}.Release|x86.Build.0 = Release|Any CPU
		{EAF3125B-7D9D-4A19-88F4-D95AA5169ACB}.Debug|Any CPU.ActiveCfg = Debug|Any CPU
		{EAF3125B-7D9D-4A19-88F4-D95AA5169ACB}.Debug|Any CPU.Build.0 = Debug|Any CPU
		{EAF3125B-7D9D-4A19-88F4-D95AA5169ACB}.Debug|x64.ActiveCfg = Debug|Any CPU
		{EAF3125B-7D9D-4A19-88F4-D95AA5169ACB}.Debug|x64.Build.0 = Debug|Any CPU
		{EAF3125B-7D9D-4A19-88F4-D95AA5169ACB}.Debug|x86.ActiveCfg = Debug|Any CPU
		{EAF3125B-7D9D-4A19-88F4-D95AA5169ACB}.Debug|x86.Build.0 = Debug|Any CPU
		{EAF3125B-7D9D-4A19-88F4-D95AA5169ACB}.Release|Any CPU.ActiveCfg = Release|Any CPU
		{EAF3125B-7D9D-4A19-88F4-D95AA5169ACB}.Release|Any CPU.Build.0 = Release|Any CPU
		{EAF3125B-7D9D-4A19-88F4-D95AA5169ACB}.Release|x64.ActiveCfg = Release|Any CPU
		{EAF3125B-7D9D-4A19-88F4-D95AA5169ACB}.Release|x64.Build.0 = Release|Any CPU
		{EAF3125B-7D9D-4A19-88F4-D95AA5169ACB}.Release|x86.ActiveCfg = Release|Any CPU
		{EAF3125B-7D9D-4A19-88F4-D95AA5169ACB}.Release|x86.Build.0 = Release|Any CPU
		{734D9BC8-E057-4834-8933-99168C5C700A}.Debug|Any CPU.ActiveCfg = Debug|Any CPU
		{734D9BC8-E057-4834-8933-99168C5C700A}.Debug|Any CPU.Build.0 = Debug|Any CPU
		{734D9BC8-E057-4834-8933-99168C5C700A}.Debug|x64.ActiveCfg = Debug|Any CPU
		{734D9BC8-E057-4834-8933-99168C5C700A}.Debug|x64.Build.0 = Debug|Any CPU
		{734D9BC8-E057-4834-8933-99168C5C700A}.Debug|x86.ActiveCfg = Debug|Any CPU
		{734D9BC8-E057-4834-8933-99168C5C700A}.Debug|x86.Build.0 = Debug|Any CPU
		{734D9BC8-E057-4834-8933-99168C5C700A}.Release|Any CPU.ActiveCfg = Release|Any CPU
		{734D9BC8-E057-4834-8933-99168C5C700A}.Release|Any CPU.Build.0 = Release|Any CPU
		{734D9BC8-E057-4834-8933-99168C5C700A}.Release|x64.ActiveCfg = Release|Any CPU
		{734D9BC8-E057-4834-8933-99168C5C700A}.Release|x64.Build.0 = Release|Any CPU
		{734D9BC8-E057-4834-8933-99168C5C700A}.Release|x86.ActiveCfg = Release|Any CPU
		{734D9BC8-E057-4834-8933-99168C5C700A}.Release|x86.Build.0 = Release|Any CPU
		{C2594EAE-6FC8-4476-9E14-004A585EE939}.Debug|Any CPU.ActiveCfg = Debug|Any CPU
		{C2594EAE-6FC8-4476-9E14-004A585EE939}.Debug|Any CPU.Build.0 = Debug|Any CPU
		{C2594EAE-6FC8-4476-9E14-004A585EE939}.Debug|x64.ActiveCfg = Debug|Any CPU
		{C2594EAE-6FC8-4476-9E14-004A585EE939}.Debug|x64.Build.0 = Debug|Any CPU
		{C2594EAE-6FC8-4476-9E14-004A585EE939}.Debug|x86.ActiveCfg = Debug|Any CPU
		{C2594EAE-6FC8-4476-9E14-004A585EE939}.Debug|x86.Build.0 = Debug|Any CPU
		{C2594EAE-6FC8-4476-9E14-004A585EE939}.Release|Any CPU.ActiveCfg = Release|Any CPU
		{C2594EAE-6FC8-4476-9E14-004A585EE939}.Release|Any CPU.Build.0 = Release|Any CPU
		{C2594EAE-6FC8-4476-9E14-004A585EE939}.Release|x64.ActiveCfg = Release|Any CPU
		{C2594EAE-6FC8-4476-9E14-004A585EE939}.Release|x64.Build.0 = Release|Any CPU
		{C2594EAE-6FC8-4476-9E14-004A585EE939}.Release|x86.ActiveCfg = Release|Any CPU
		{C2594EAE-6FC8-4476-9E14-004A585EE939}.Release|x86.Build.0 = Release|Any CPU
		{8FEB1AE3-87B5-4BB2-BE6C-7AE0A517FE7B}.Debug|Any CPU.ActiveCfg = Debug|Any CPU
		{8FEB1AE3-87B5-4BB2-BE6C-7AE0A517FE7B}.Debug|Any CPU.Build.0 = Debug|Any CPU
		{8FEB1AE3-87B5-4BB2-BE6C-7AE0A517FE7B}.Debug|x64.ActiveCfg = Debug|Any CPU
		{8FEB1AE3-87B5-4BB2-BE6C-7AE0A517FE7B}.Debug|x64.Build.0 = Debug|Any CPU
		{8FEB1AE3-87B5-4BB2-BE6C-7AE0A517FE7B}.Debug|x86.ActiveCfg = Debug|Any CPU
		{8FEB1AE3-87B5-4BB2-BE6C-7AE0A517FE7B}.Debug|x86.Build.0 = Debug|Any CPU
		{8FEB1AE3-87B5-4BB2-BE6C-7AE0A517FE7B}.Release|Any CPU.ActiveCfg = Release|Any CPU
		{8FEB1AE3-87B5-4BB2-BE6C-7AE0A517FE7B}.Release|Any CPU.Build.0 = Release|Any CPU
		{8FEB1AE3-87B5-4BB2-BE6C-7AE0A517FE7B}.Release|x64.ActiveCfg = Release|Any CPU
		{8FEB1AE3-87B5-4BB2-BE6C-7AE0A517FE7B}.Release|x64.Build.0 = Release|Any CPU
		{8FEB1AE3-87B5-4BB2-BE6C-7AE0A517FE7B}.Release|x86.ActiveCfg = Release|Any CPU
		{8FEB1AE3-87B5-4BB2-BE6C-7AE0A517FE7B}.Release|x86.Build.0 = Release|Any CPU
		{4C1876BD-A2B4-48F1-844B-ACCD93EEB7A8}.Debug|Any CPU.ActiveCfg = Debug|Any CPU
		{4C1876BD-A2B4-48F1-844B-ACCD93EEB7A8}.Debug|Any CPU.Build.0 = Debug|Any CPU
		{4C1876BD-A2B4-48F1-844B-ACCD93EEB7A8}.Debug|x64.ActiveCfg = Debug|Any CPU
		{4C1876BD-A2B4-48F1-844B-ACCD93EEB7A8}.Debug|x64.Build.0 = Debug|Any CPU
		{4C1876BD-A2B4-48F1-844B-ACCD93EEB7A8}.Debug|x86.ActiveCfg = Debug|Any CPU
		{4C1876BD-A2B4-48F1-844B-ACCD93EEB7A8}.Debug|x86.Build.0 = Debug|Any CPU
		{4C1876BD-A2B4-48F1-844B-ACCD93EEB7A8}.Release|Any CPU.ActiveCfg = Release|Any CPU
		{4C1876BD-A2B4-48F1-844B-ACCD93EEB7A8}.Release|Any CPU.Build.0 = Release|Any CPU
		{4C1876BD-A2B4-48F1-844B-ACCD93EEB7A8}.Release|x64.ActiveCfg = Release|Any CPU
		{4C1876BD-A2B4-48F1-844B-ACCD93EEB7A8}.Release|x64.Build.0 = Release|Any CPU
		{4C1876BD-A2B4-48F1-844B-ACCD93EEB7A8}.Release|x86.ActiveCfg = Release|Any CPU
		{4C1876BD-A2B4-48F1-844B-ACCD93EEB7A8}.Release|x86.Build.0 = Release|Any CPU
	EndGlobalSection
	GlobalSection(SolutionProperties) = preSolution
		HideSolutionNode = FALSE
	EndGlobalSection
	GlobalSection(NestedProjects) = preSolution
		{398F9586-363B-4106-B464-030EA2C8E7F6} = {94906301-2AF8-48BE-9663-704034A949D2}
		{BD2CCC9E-659E-492D-9F3A-191CC9A774D6} = {94906301-2AF8-48BE-9663-704034A949D2}
		{5E249B6B-B489-4868-A8A6-4C9731FF93BC} = {BD2CCC9E-659E-492D-9F3A-191CC9A774D6}
		{CE89F0CE-5697-4CC1-B884-7A95A97037F3} = {5E249B6B-B489-4868-A8A6-4C9731FF93BC}
		{5321C06B-E57A-492F-B898-7269E979B390} = {5E249B6B-B489-4868-A8A6-4C9731FF93BC}
		{8B7C53BC-A7AA-4489-8645-C983A391BA24} = {5E249B6B-B489-4868-A8A6-4C9731FF93BC}
		{888866FE-D4F3-4109-8339-480258F89619} = {5E249B6B-B489-4868-A8A6-4C9731FF93BC}
		{2F8766AB-CDA1-42C5-B846-A913A16B69FD} = {398F9586-363B-4106-B464-030EA2C8E7F6}
		{E7DFA0CE-FBE3-43C6-9172-7D44E407DF72} = {BD2CCC9E-659E-492D-9F3A-191CC9A774D6}
		{38930AC1-73F5-493B-BAC1-995F6DA4D572} = {E7DFA0CE-FBE3-43C6-9172-7D44E407DF72}
		{E6700296-C8F5-4D75-A8D9-75F10C8D6C85} = {E7DFA0CE-FBE3-43C6-9172-7D44E407DF72}
		{17322C53-4BE3-4C3D-AF2E-A156EB8DF9AF} = {E7DFA0CE-FBE3-43C6-9172-7D44E407DF72}
		{2875BD65-D537-4293-9F1C-4CB0419AF7ED} = {E7DFA0CE-FBE3-43C6-9172-7D44E407DF72}
		{08C0899F-B71F-4052-98CA-FAFF6FDF67FA} = {398F9586-363B-4106-B464-030EA2C8E7F6}
		{45C077AC-79EC-48F5-8CAF-3F1AD7822AAE} = {BD2CCC9E-659E-492D-9F3A-191CC9A774D6}
		{0872ED21-DE97-4460-84E9-72F8487295B4} = {45C077AC-79EC-48F5-8CAF-3F1AD7822AAE}
		{1B2E8B54-1542-4F19-B0EA-7A187ECC7AC2} = {45C077AC-79EC-48F5-8CAF-3F1AD7822AAE}
		{197DE850-0FE2-44C0-A31B-2C575F2F11A9} = {45C077AC-79EC-48F5-8CAF-3F1AD7822AAE}
		{EAF3125B-7D9D-4A19-88F4-D95AA5169ACB} = {45C077AC-79EC-48F5-8CAF-3F1AD7822AAE}
		{0FA0AAC0-42D4-44B7-95E0-707A5359E80F} = {BD2CCC9E-659E-492D-9F3A-191CC9A774D6}
		{734D9BC8-E057-4834-8933-99168C5C700A} = {0FA0AAC0-42D4-44B7-95E0-707A5359E80F}
		{C2594EAE-6FC8-4476-9E14-004A585EE939} = {0FA0AAC0-42D4-44B7-95E0-707A5359E80F}
		{8FEB1AE3-87B5-4BB2-BE6C-7AE0A517FE7B} = {0FA0AAC0-42D4-44B7-95E0-707A5359E80F}
		{4C1876BD-A2B4-48F1-844B-ACCD93EEB7A8} = {0FA0AAC0-42D4-44B7-95E0-707A5359E80F}
	EndGlobalSection
EndGlobal
