
Microsoft Visual Studio Solution File, Format Version 12.00
# Visual Studio Version 17
VisualStudioVersion = 17.12.35707.178
MinimumVisualStudioVersion = 10.0.40219.1
Project("{2150E333-8FDC-42A3-9474-1A3956D46DE8}") = "src", "src", "{94906301-2AF8-48BE-9663-704034A949D2}"
EndProject
Project("{2150E333-8FDC-42A3-9474-1A3956D46DE8}") = "BuildingBlocks", "BuildingBlocks", "{398F9586-363B-4106-B464-030EA2C8E7F6}"
EndProject
Project("{2150E333-8FDC-42A3-9474-1A3956D46DE8}") = "Services", "Services", "{BD2CCC9E-659E-492D-9F3A-191CC9A774D6}"
EndProject
Project("{2150E333-8FDC-42A3-9474-1A3956D46DE8}") = "Identity", "Identity", "{5E249B6B-B489-4868-A8A6-4C9731FF93BC}"
EndProject
Project("{FAE04EC0-301F-11D3-BF4B-00C04F79EFBC}") = "Ecommerce.Identity.API", "src\Services\Identity\Ecommerce.Identity.API\Ecommerce.Identity.API.csproj", "{CE89F0CE-5697-4CC1-B884-7A95A97037F3}"
EndProject
Project("{FAE04EC0-301F-11D3-BF4B-00C04F79EFBC}") = "Ecommerce.Identity.Application", "src\Services\Identity\Ecommerce.Identity.Application\Ecommerce.Identity.Application.csproj", "{5321C06B-E57A-492F-B898-7269E979B390}"
EndProject
Project("{FAE04EC0-301F-11D3-BF4B-00C04F79EFBC}") = "Ecommerce.Identity.Domain", "src\Services\Identity\Ecommerce.Identity.Domain\Ecommerce.Identity.Domain.csproj", "{8B7C53BC-A7AA-4489-8645-C983A391BA24}"
EndProject
Project("{FAE04EC0-301F-11D3-BF4B-00C04F79EFBC}") = "Ecommerce.Identity.Infrastructure", "src\Services\Identity\Ecommerce.Identity.Infrastructure\Ecommerce.Identity.Infrastructure.csproj", "{888866FE-D4F3-4109-8339-480258F89619}"
EndProject
Global
	GlobalSection(SolutionConfigurationPlatforms) = preSolution
		Debug|Any CPU = Debug|Any CPU
		Release|Any CPU = Release|Any CPU
	EndGlobalSection
	GlobalSection(ProjectConfigurationPlatforms) = postSolution
		{CE89F0CE-5697-4CC1-B884-7A95A97037F3}.Debug|Any CPU.ActiveCfg = Debug|Any CPU
		{CE89F0CE-5697-4CC1-B884-7A95A97037F3}.Debug|Any CPU.Build.0 = Debug|Any CPU
		{CE89F0CE-5697-4CC1-B884-7A95A97037F3}.Release|Any CPU.ActiveCfg = Release|Any CPU
		{CE89F0CE-5697-4CC1-B884-7A95A97037F3}.Release|Any CPU.Build.0 = Release|Any CPU
		{5321C06B-E57A-492F-B898-7269E979B390}.Debug|Any CPU.ActiveCfg = Debug|Any CPU
		{5321C06B-E57A-492F-B898-7269E979B390}.Debug|Any CPU.Build.0 = Debug|Any CPU
		{5321C06B-E57A-492F-B898-7269E979B390}.Release|Any CPU.ActiveCfg = Release|Any CPU
		{5321C06B-E57A-492F-B898-7269E979B390}.Release|Any CPU.Build.0 = Release|Any CPU
		{8B7C53BC-A7AA-4489-8645-C983A391BA24}.Debug|Any CPU.ActiveCfg = Debug|Any CPU
		{8B7C53BC-A7AA-4489-8645-C983A391BA24}.Debug|Any CPU.Build.0 = Debug|Any CPU
		{8B7C53BC-A7AA-4489-8645-C983A391BA24}.Release|Any CPU.ActiveCfg = Release|Any CPU
		{8B7C53BC-A7AA-4489-8645-C983A391BA24}.Release|Any CPU.Build.0 = Release|Any CPU
		{888866FE-D4F3-4109-8339-480258F89619}.Debug|Any CPU.ActiveCfg = Debug|Any CPU
		{888866FE-D4F3-4109-8339-480258F89619}.Debug|Any CPU.Build.0 = Debug|Any CPU
		{888866FE-D4F3-4109-8339-480258F89619}.Release|Any CPU.ActiveCfg = Release|Any CPU
		{888866FE-D4F3-4109-8339-480258F89619}.Release|Any CPU.Build.0 = Release|Any CPU
	EndGlobalSection
	GlobalSection(SolutionProperties) = preSolution
		HideSolutionNode = FALSE
	EndGlobalSection
	GlobalSection(NestedProjects) = preSolution
		{398F9586-363B-4106-B464-030EA2C8E7F6} = {94906301-2AF8-48BE-9663-704034A949D2}
		{BD2CCC9E-659E-492D-9F3A-191CC9A774D6} = {94906301-2AF8-48BE-9663-704034A949D2}
		{5E249B6B-B489-4868-A8A6-4C9731FF93BC} = {BD2CCC9E-659E-492D-9F3A-191CC9A774D6}
		{CE89F0CE-5697-4CC1-B884-7A95A97037F3} = {5E249B6B-B489-4868-A8A6-4C9731FF93BC}
		{5321C06B-E57A-492F-B898-7269E979B390} = {5E249B6B-B489-4868-A8A6-4C9731FF93BC}
		{8B7C53BC-A7AA-4489-8645-C983A391BA24} = {5E249B6B-B489-4868-A8A6-4C9731FF93BC}
		{888866FE-D4F3-4109-8339-480258F89619} = {5E249B6B-B489-4868-A8A6-4C9731FF93BC}
	EndGlobalSection
EndGlobal
